
Microsoft Visual Studio Solution File, Format Version 12.00
# Visual Studio Version 17
VisualStudioVersion = 17.14.36623.8 d17.14
MinimumVisualStudioVersion = 10.0.40219.1
Project("{FAE04EC0-301F-11D3-BF4B-00C04F79EFBC}") = "ScavLib API", "ScavLib API\ScavLib API.csproj", "{7CA6ED74-355F-42F3-B733-F28F1A35E2AA}"
EndProject
Project("{2150E333-8FDC-42A3-9474-1A3956D46DE8}") = "解决方案项", "解决方案项", "{9FA3D6BD-1EC1-3BA5-80CB-CE02773A58D5}"
EndProject
Global
	GlobalSection(SolutionConfigurationPlatforms) = preSolution
		Debug|Any CPU = Debug|Any CPU
		Release|Any CPU = Release|Any CPU
	EndGlobalSection
	GlobalSection(ProjectConfigurationPlatforms) = postSolution
		{7CA6ED74-355F-42F3-B733-F28F1A35E2AA}.Debug|Any CPU.ActiveCfg = Debug|Any CPU
		{7CA6ED74-355F-42F3-B733-F28F1A35E2AA}.Debug|Any CPU.Build.0 = Debug|Any CPU
		{7CA6ED74-355F-42F3-B733-F28F1A35E2AA}.Release|Any CPU.ActiveCfg = Release|Any CPU
		{7CA6ED74-355F-42F3-B733-F28F1A35E2AA}.Release|Any CPU.Build.0 = Release|Any CPU
	EndGlobalSection
	GlobalSection(SolutionProperties) = preSolution
		HideSolutionNode = FALSE
	EndGlobalSection
	GlobalSection(ExtensibilityGlobals) = postSolution
		SolutionGuid = {1DB17171-697B-4B93-92B8-48F4C5396415}
	EndGlobalSection
EndGlobal
